// !$*UTF8*$!
{
	archiveVersion = 1;
	classes = {
	};
	objectVersion = 46;
	objects = {

/* Begin PBXBuildFile section */
		35EF76C31A9D379200A6300E /* OpenGL.framework in Frameworks */ = {isa = PBXBuildFile; fileRef = 35EF76C21A9D379200A6300E /* OpenGL.framework */; };
		35EF76E61A9D44B200A6300E /* Box.cpp in Sources */ = {isa = PBXBuildFile; fileRef = 35EF76D01A9D44B200A6300E /* Box.cpp */; };
		35EF76E71A9D44B200A6300E /* Camera.cpp in Sources */ = {isa = PBXBuildFile; fileRef = 35EF76D21A9D44B200A6300E /* Camera.cpp */; };
		35EF76E81A9D44B200A6300E /* Entity.cpp in Sources */ = {isa = PBXBuildFile; fileRef = 35EF76D41A9D44B200A6300E /* Entity.cpp */; };
		35EF76E91A9D44B200A6300E /* main.cpp in Sources */ = {isa = PBXBuildFile; fileRef = 35EF76D71A9D44B200A6300E /* main.cpp */; };
		35EF76EA1A9D44B200A6300E /* MatrixStack.cpp in Sources */ = {isa = PBXBuildFile; fileRef = 35EF76D81A9D44B200A6300E /* MatrixStack.cpp */; };
		35EF76EB1A9D44B200A6300E /* physicsHandler.cpp in Sources */ = {isa = PBXBuildFile; fileRef = 35EF76DA1A9D44B200A6300E /* physicsHandler.cpp */; };
		35EF76EC1A9D44B200A6300E /* Plane.cpp in Sources */ = {isa = PBXBuildFile; fileRef = 35EF76DC1A9D44B200A6300E /* Plane.cpp */; };
		35EF76ED1A9D44B200A6300E /* Shader.cpp in Sources */ = {isa = PBXBuildFile; fileRef = 35EF76DF1A9D44B200A6300E /* Shader.cpp */; };
		35EF76EE1A9D44B200A6300E /* Sphere.cpp in Sources */ = {isa = PBXBuildFile; fileRef = 35EF76E11A9D44B200A6300E /* Sphere.cpp */; };
		35EF76EF1A9D44B200A6300E /* Utilities.cpp in Sources */ = {isa = PBXBuildFile; fileRef = 35EF76E31A9D44B200A6300E /* Utilities.cpp */; };
		35EF77F81A9D56BD00A6300E /* libglfw.3.1.dylib in Frameworks */ = {isa = PBXBuildFile; fileRef = 35EF77F71A9D56BD00A6300E /* libglfw.3.1.dylib */; };
		35EF77FA1A9D56D200A6300E /* libGLEW.1.12.0.dylib in Frameworks */ = {isa = PBXBuildFile; fileRef = 35EF77F91A9D56D200A6300E /* libGLEW.1.12.0.dylib */; };
/* End PBXBuildFile section */

/* Begin PBXCopyFilesBuildPhase section */
		35EF76B61A9D375E00A6300E /* CopyFiles */ = {
			isa = PBXCopyFilesBuildPhase;
			buildActionMask = 2147483647;
			dstPath = /usr/share/man/man1/;
			dstSubfolderSpec = 0;
			files = (
			);
			runOnlyForDeploymentPostprocessing = 1;
		};
/* End PBXCopyFilesBuildPhase section */

/* Begin PBXFileReference section */
		35EF76B81A9D375E00A6300E /* MoS */ = {isa = PBXFileReference; explicitFileType = "compiled.mach-o.executable"; includeInIndex = 0; path = MoS; sourceTree = BUILT_PRODUCTS_DIR; };
		35EF76C21A9D379200A6300E /* OpenGL.framework */ = {isa = PBXFileReference; lastKnownFileType = wrapper.framework; name = OpenGL.framework; path = System/Library/Frameworks/OpenGL.framework; sourceTree = SDKROOT; };
		35EF76D01A9D44B200A6300E /* Box.cpp */ = {isa = PBXFileReference; fileEncoding = 4; lastKnownFileType = sourcecode.cpp.cpp; path = Box.cpp; sourceTree = "<group>"; };
		35EF76D11A9D44B200A6300E /* Box.h */ = {isa = PBXFileReference; fileEncoding = 4; lastKnownFileType = sourcecode.c.h; path = Box.h; sourceTree = "<group>"; };
		35EF76D21A9D44B200A6300E /* Camera.cpp */ = {isa = PBXFileReference; fileEncoding = 4; lastKnownFileType = sourcecode.cpp.cpp; path = Camera.cpp; sourceTree = "<group>"; };
		35EF76D31A9D44B200A6300E /* Camera.h */ = {isa = PBXFileReference; fileEncoding = 4; lastKnownFileType = sourcecode.c.h; path = Camera.h; sourceTree = "<group>"; };
		35EF76D41A9D44B200A6300E /* Entity.cpp */ = {isa = PBXFileReference; fileEncoding = 4; lastKnownFileType = sourcecode.cpp.cpp; path = Entity.cpp; sourceTree = "<group>"; };
		35EF76D51A9D44B200A6300E /* Entity.h */ = {isa = PBXFileReference; fileEncoding = 4; lastKnownFileType = sourcecode.c.h; path = Entity.h; sourceTree = "<group>"; };
		35EF76D61A9D44B200A6300E /* fragmentshader.glsl */ = {isa = PBXFileReference; fileEncoding = 4; lastKnownFileType = text; path = fragmentshader.glsl; sourceTree = "<group>"; };
		35EF76D71A9D44B200A6300E /* main.cpp */ = {isa = PBXFileReference; fileEncoding = 4; lastKnownFileType = sourcecode.cpp.cpp; path = main.cpp; sourceTree = "<group>"; };
		35EF76D81A9D44B200A6300E /* MatrixStack.cpp */ = {isa = PBXFileReference; fileEncoding = 4; lastKnownFileType = sourcecode.cpp.cpp; path = MatrixStack.cpp; sourceTree = "<group>"; };
		35EF76D91A9D44B200A6300E /* MatrixStack.hpp */ = {isa = PBXFileReference; fileEncoding = 4; lastKnownFileType = sourcecode.cpp.h; path = MatrixStack.hpp; sourceTree = "<group>"; };
		35EF76DA1A9D44B200A6300E /* physicsHandler.cpp */ = {isa = PBXFileReference; fileEncoding = 4; lastKnownFileType = sourcecode.cpp.cpp; path = physicsHandler.cpp; sourceTree = "<group>"; };
		35EF76DB1A9D44B200A6300E /* physicsHandler.h */ = {isa = PBXFileReference; fileEncoding = 4; lastKnownFileType = sourcecode.c.h; path = physicsHandler.h; sourceTree = "<group>"; };
		35EF76DC1A9D44B200A6300E /* Plane.cpp */ = {isa = PBXFileReference; fileEncoding = 4; lastKnownFileType = sourcecode.cpp.cpp; path = Plane.cpp; sourceTree = "<group>"; };
		35EF76DD1A9D44B200A6300E /* Plane.h */ = {isa = PBXFileReference; fileEncoding = 4; lastKnownFileType = sourcecode.c.h; path = Plane.h; sourceTree = "<group>"; };
		35EF76DE1A9D44B200A6300E /* resource.h */ = {isa = PBXFileReference; fileEncoding = 4; lastKnownFileType = sourcecode.c.h; path = resource.h; sourceTree = "<group>"; };
		35EF76DF1A9D44B200A6300E /* Shader.cpp */ = {isa = PBXFileReference; fileEncoding = 4; lastKnownFileType = sourcecode.cpp.cpp; path = Shader.cpp; sourceTree = "<group>"; };
		35EF76E01A9D44B200A6300E /* Shader.h */ = {isa = PBXFileReference; fileEncoding = 4; lastKnownFileType = sourcecode.c.h; path = Shader.h; sourceTree = "<group>"; };
		35EF76E11A9D44B200A6300E /* Sphere.cpp */ = {isa = PBXFileReference; fileEncoding = 4; lastKnownFileType = sourcecode.cpp.cpp; path = Sphere.cpp; sourceTree = "<group>"; };
		35EF76E21A9D44B200A6300E /* Sphere.h */ = {isa = PBXFileReference; fileEncoding = 4; lastKnownFileType = sourcecode.c.h; path = Sphere.h; sourceTree = "<group>"; };
		35EF76E31A9D44B200A6300E /* Utilities.cpp */ = {isa = PBXFileReference; fileEncoding = 4; lastKnownFileType = sourcecode.cpp.cpp; path = Utilities.cpp; sourceTree = "<group>"; };
		35EF76E41A9D44B200A6300E /* Utilities.h */ = {isa = PBXFileReference; fileEncoding = 4; lastKnownFileType = sourcecode.c.h; path = Utilities.h; sourceTree = "<group>"; };
		35EF76E51A9D44B200A6300E /* vertexshader.glsl */ = {isa = PBXFileReference; fileEncoding = 4; lastKnownFileType = text; path = vertexshader.glsl; sourceTree = "<group>"; };
		35EF76F21A9D44E500A6300E /* CMakeLists.txt */ = {isa = PBXFileReference; fileEncoding = 4; lastKnownFileType = text; path = CMakeLists.txt; sourceTree = "<group>"; };
		35EF76F31A9D44E500A6300E /* common.hpp */ = {isa = PBXFileReference; fileEncoding = 4; lastKnownFileType = sourcecode.cpp.h; path = common.hpp; sourceTree = "<group>"; };
		35EF76F51A9D44E500A6300E /* _features.hpp */ = {isa = PBXFileReference; fileEncoding = 4; lastKnownFileType = sourcecode.cpp.h; path = _features.hpp; sourceTree = "<group>"; };
		35EF76F61A9D44E500A6300E /* _fixes.hpp */ = {isa = PBXFileReference; fileEncoding = 4; lastKnownFileType = sourcecode.cpp.h; path = _fixes.hpp; sourceTree = "<group>"; };
		35EF76F71A9D44E500A6300E /* _noise.hpp */ = {isa = PBXFileReference; fileEncoding = 4; lastKnownFileType = sourcecode.cpp.h; path = _noise.hpp; sourceTree = "<group>"; };
		35EF76F81A9D44E500A6300E /* _swizzle.hpp */ = {isa = PBXFileReference; fileEncoding = 4; lastKnownFileType = sourcecode.cpp.h; path = _swizzle.hpp; sourceTree = "<group>"; };
		35EF76F91A9D44E500A6300E /* _swizzle_func.hpp */ = {isa = PBXFileReference; fileEncoding = 4; lastKnownFileType = sourcecode.cpp.h; path = _swizzle_func.hpp; sourceTree = "<group>"; };
		35EF76FA1A9D44E500A6300E /* _vectorize.hpp */ = {isa = PBXFileReference; fileEncoding = 4; lastKnownFileType = sourcecode.cpp.h; path = _vectorize.hpp; sourceTree = "<group>"; };
		35EF76FB1A9D44E500A6300E /* dummy.cpp */ = {isa = PBXFileReference; fileEncoding = 4; lastKnownFileType = sourcecode.cpp.cpp; path = dummy.cpp; sourceTree = "<group>"; };
		35EF76FC1A9D44E500A6300E /* func_common.hpp */ = {isa = PBXFileReference; fileEncoding = 4; lastKnownFileType = sourcecode.cpp.h; path = func_common.hpp; sourceTree = "<group>"; };
		35EF76FD1A9D44E500A6300E /* func_common.inl */ = {isa = PBXFileReference; fileEncoding = 4; lastKnownFileType = text; path = func_common.inl; sourceTree = "<group>"; };
		35EF76FE1A9D44E500A6300E /* func_exponential.hpp */ = {isa = PBXFileReference; fileEncoding = 4; lastKnownFileType = sourcecode.cpp.h; path = func_exponential.hpp; sourceTree = "<group>"; };
		35EF76FF1A9D44E500A6300E /* func_exponential.inl */ = {isa = PBXFileReference; fileEncoding = 4; lastKnownFileType = text; path = func_exponential.inl; sourceTree = "<group>"; };
		35EF77001A9D44E500A6300E /* func_geometric.hpp */ = {isa = PBXFileReference; fileEncoding = 4; lastKnownFileType = sourcecode.cpp.h; path = func_geometric.hpp; sourceTree = "<group>"; };
		35EF77011A9D44E500A6300E /* func_geometric.inl */ = {isa = PBXFileReference; fileEncoding = 4; lastKnownFileType = text; path = func_geometric.inl; sourceTree = "<group>"; };
		35EF77021A9D44E500A6300E /* func_integer.hpp */ = {isa = PBXFileReference; fileEncoding = 4; lastKnownFileType = sourcecode.cpp.h; path = func_integer.hpp; sourceTree = "<group>"; };
		35EF77031A9D44E500A6300E /* func_integer.inl */ = {isa = PBXFileReference; fileEncoding = 4; lastKnownFileType = text; path = func_integer.inl; sourceTree = "<group>"; };
		35EF77041A9D44E500A6300E /* func_matrix.hpp */ = {isa = PBXFileReference; fileEncoding = 4; lastKnownFileType = sourcecode.cpp.h; path = func_matrix.hpp; sourceTree = "<group>"; };
		35EF77051A9D44E500A6300E /* func_matrix.inl */ = {isa = PBXFileReference; fileEncoding = 4; lastKnownFileType = text; path = func_matrix.inl; sourceTree = "<group>"; };
		35EF77061A9D44E500A6300E /* func_noise.hpp */ = {isa = PBXFileReference; fileEncoding = 4; lastKnownFileType = sourcecode.cpp.h; path = func_noise.hpp; sourceTree = "<group>"; };
		35EF77071A9D44E500A6300E /* func_noise.inl */ = {isa = PBXFileReference; fileEncoding = 4; lastKnownFileType = text; path = func_noise.inl; sourceTree = "<group>"; };
		35EF77081A9D44E500A6300E /* func_packing.hpp */ = {isa = PBXFileReference; fileEncoding = 4; lastKnownFileType = sourcecode.cpp.h; path = func_packing.hpp; sourceTree = "<group>"; };
		35EF77091A9D44E500A6300E /* func_packing.inl */ = {isa = PBXFileReference; fileEncoding = 4; lastKnownFileType = text; path = func_packing.inl; sourceTree = "<group>"; };
		35EF770A1A9D44E500A6300E /* func_trigonometric.hpp */ = {isa = PBXFileReference; fileEncoding = 4; lastKnownFileType = sourcecode.cpp.h; path = func_trigonometric.hpp; sourceTree = "<group>"; };
		35EF770B1A9D44E500A6300E /* func_trigonometric.inl */ = {isa = PBXFileReference; fileEncoding = 4; lastKnownFileType = text; path = func_trigonometric.inl; sourceTree = "<group>"; };
		35EF770C1A9D44E500A6300E /* func_vector_relational.hpp */ = {isa = PBXFileReference; fileEncoding = 4; lastKnownFileType = sourcecode.cpp.h; path = func_vector_relational.hpp; sourceTree = "<group>"; };
		35EF770D1A9D44E500A6300E /* func_vector_relational.inl */ = {isa = PBXFileReference; fileEncoding = 4; lastKnownFileType = text; path = func_vector_relational.inl; sourceTree = "<group>"; };
		35EF770E1A9D44E500A6300E /* glm.cpp */ = {isa = PBXFileReference; fileEncoding = 4; lastKnownFileType = sourcecode.cpp.cpp; path = glm.cpp; sourceTree = "<group>"; };
		35EF770F1A9D44E500A6300E /* intrinsic_common.hpp */ = {isa = PBXFileReference; fileEncoding = 4; lastKnownFileType = sourcecode.cpp.h; path = intrinsic_common.hpp; sourceTree = "<group>"; };
		35EF77101A9D44E500A6300E /* intrinsic_common.inl */ = {isa = PBXFileReference; fileEncoding = 4; lastKnownFileType = text; path = intrinsic_common.inl; sourceTree = "<group>"; };
		35EF77111A9D44E500A6300E /* intrinsic_exponential.hpp */ = {isa = PBXFileReference; fileEncoding = 4; lastKnownFileType = sourcecode.cpp.h; path = intrinsic_exponential.hpp; sourceTree = "<group>"; };
		35EF77121A9D44E500A6300E /* intrinsic_exponential.inl */ = {isa = PBXFileReference; fileEncoding = 4; lastKnownFileType = text; path = intrinsic_exponential.inl; sourceTree = "<group>"; };
		35EF77131A9D44E500A6300E /* intrinsic_geometric.hpp */ = {isa = PBXFileReference; fileEncoding = 4; lastKnownFileType = sourcecode.cpp.h; path = intrinsic_geometric.hpp; sourceTree = "<group>"; };
		35EF77141A9D44E500A6300E /* intrinsic_geometric.inl */ = {isa = PBXFileReference; fileEncoding = 4; lastKnownFileType = text; path = intrinsic_geometric.inl; sourceTree = "<group>"; };
		35EF77151A9D44E500A6300E /* intrinsic_integer.hpp */ = {isa = PBXFileReference; fileEncoding = 4; lastKnownFileType = sourcecode.cpp.h; path = intrinsic_integer.hpp; sourceTree = "<group>"; };
		35EF77161A9D44E500A6300E /* intrinsic_integer.inl */ = {isa = PBXFileReference; fileEncoding = 4; lastKnownFileType = text; path = intrinsic_integer.inl; sourceTree = "<group>"; };
		35EF77171A9D44E500A6300E /* intrinsic_matrix.hpp */ = {isa = PBXFileReference; fileEncoding = 4; lastKnownFileType = sourcecode.cpp.h; path = intrinsic_matrix.hpp; sourceTree = "<group>"; };
		35EF77181A9D44E500A6300E /* intrinsic_matrix.inl */ = {isa = PBXFileReference; fileEncoding = 4; lastKnownFileType = text; path = intrinsic_matrix.inl; sourceTree = "<group>"; };
		35EF77191A9D44E500A6300E /* intrinsic_trigonometric.hpp */ = {isa = PBXFileReference; fileEncoding = 4; lastKnownFileType = sourcecode.cpp.h; path = intrinsic_trigonometric.hpp; sourceTree = "<group>"; };
		35EF771A1A9D44E500A6300E /* intrinsic_trigonometric.inl */ = {isa = PBXFileReference; fileEncoding = 4; lastKnownFileType = text; path = intrinsic_trigonometric.inl; sourceTree = "<group>"; };
		35EF771B1A9D44E500A6300E /* intrinsic_vector_relational.hpp */ = {isa = PBXFileReference; fileEncoding = 4; lastKnownFileType = sourcecode.cpp.h; path = intrinsic_vector_relational.hpp; sourceTree = "<group>"; };
		35EF771C1A9D44E500A6300E /* intrinsic_vector_relational.inl */ = {isa = PBXFileReference; fileEncoding = 4; lastKnownFileType = text; path = intrinsic_vector_relational.inl; sourceTree = "<group>"; };
		35EF771D1A9D44E500A6300E /* precision.hpp */ = {isa = PBXFileReference; fileEncoding = 4; lastKnownFileType = sourcecode.cpp.h; path = precision.hpp; sourceTree = "<group>"; };
		35EF771E1A9D44E500A6300E /* setup.hpp */ = {isa = PBXFileReference; fileEncoding = 4; lastKnownFileType = sourcecode.cpp.h; path = setup.hpp; sourceTree = "<group>"; };
		35EF771F1A9D44E500A6300E /* type_float.hpp */ = {isa = PBXFileReference; fileEncoding = 4; lastKnownFileType = sourcecode.cpp.h; path = type_float.hpp; sourceTree = "<group>"; };
		35EF77201A9D44E500A6300E /* type_gentype.hpp */ = {isa = PBXFileReference; fileEncoding = 4; lastKnownFileType = sourcecode.cpp.h; path = type_gentype.hpp; sourceTree = "<group>"; };
		35EF77211A9D44E500A6300E /* type_gentype.inl */ = {isa = PBXFileReference; fileEncoding = 4; lastKnownFileType = text; path = type_gentype.inl; sourceTree = "<group>"; };
		35EF77221A9D44E500A6300E /* type_half.hpp */ = {isa = PBXFileReference; fileEncoding = 4; lastKnownFileType = sourcecode.cpp.h; path = type_half.hpp; sourceTree = "<group>"; };
		35EF77231A9D44E500A6300E /* type_half.inl */ = {isa = PBXFileReference; fileEncoding = 4; lastKnownFileType = text; path = type_half.inl; sourceTree = "<group>"; };
		35EF77241A9D44E500A6300E /* type_int.hpp */ = {isa = PBXFileReference; fileEncoding = 4; lastKnownFileType = sourcecode.cpp.h; path = type_int.hpp; sourceTree = "<group>"; };
		35EF77251A9D44E500A6300E /* type_mat.hpp */ = {isa = PBXFileReference; fileEncoding = 4; lastKnownFileType = sourcecode.cpp.h; path = type_mat.hpp; sourceTree = "<group>"; };
		35EF77261A9D44E500A6300E /* type_mat.inl */ = {isa = PBXFileReference; fileEncoding = 4; lastKnownFileType = text; path = type_mat.inl; sourceTree = "<group>"; };
		35EF77271A9D44E500A6300E /* type_mat2x2.hpp */ = {isa = PBXFileReference; fileEncoding = 4; lastKnownFileType = sourcecode.cpp.h; path = type_mat2x2.hpp; sourceTree = "<group>"; };
		35EF77281A9D44E500A6300E /* type_mat2x2.inl */ = {isa = PBXFileReference; fileEncoding = 4; lastKnownFileType = text; path = type_mat2x2.inl; sourceTree = "<group>"; };
		35EF77291A9D44E500A6300E /* type_mat2x3.hpp */ = {isa = PBXFileReference; fileEncoding = 4; lastKnownFileType = sourcecode.cpp.h; path = type_mat2x3.hpp; sourceTree = "<group>"; };
		35EF772A1A9D44E500A6300E /* type_mat2x3.inl */ = {isa = PBXFileReference; fileEncoding = 4; lastKnownFileType = text; path = type_mat2x3.inl; sourceTree = "<group>"; };
		35EF772B1A9D44E500A6300E /* type_mat2x4.hpp */ = {isa = PBXFileReference; fileEncoding = 4; lastKnownFileType = sourcecode.cpp.h; path = type_mat2x4.hpp; sourceTree = "<group>"; };
		35EF772C1A9D44E500A6300E /* type_mat2x4.inl */ = {isa = PBXFileReference; fileEncoding = 4; lastKnownFileType = text; path = type_mat2x4.inl; sourceTree = "<group>"; };
		35EF772D1A9D44E500A6300E /* type_mat3x2.hpp */ = {isa = PBXFileReference; fileEncoding = 4; lastKnownFileType = sourcecode.cpp.h; path = type_mat3x2.hpp; sourceTree = "<group>"; };
		35EF772E1A9D44E500A6300E /* type_mat3x2.inl */ = {isa = PBXFileReference; fileEncoding = 4; lastKnownFileType = text; path = type_mat3x2.inl; sourceTree = "<group>"; };
		35EF772F1A9D44E500A6300E /* type_mat3x3.hpp */ = {isa = PBXFileReference; fileEncoding = 4; lastKnownFileType = sourcecode.cpp.h; path = type_mat3x3.hpp; sourceTree = "<group>"; };
		35EF77301A9D44E500A6300E /* type_mat3x3.inl */ = {isa = PBXFileReference; fileEncoding = 4; lastKnownFileType = text; path = type_mat3x3.inl; sourceTree = "<group>"; };
		35EF77311A9D44E500A6300E /* type_mat3x4.hpp */ = {isa = PBXFileReference; fileEncoding = 4; lastKnownFileType = sourcecode.cpp.h; path = type_mat3x4.hpp; sourceTree = "<group>"; };
		35EF77321A9D44E500A6300E /* type_mat3x4.inl */ = {isa = PBXFileReference; fileEncoding = 4; lastKnownFileType = text; path = type_mat3x4.inl; sourceTree = "<group>"; };
		35EF77331A9D44E500A6300E /* type_mat4x2.hpp */ = {isa = PBXFileReference; fileEncoding = 4; lastKnownFileType = sourcecode.cpp.h; path = type_mat4x2.hpp; sourceTree = "<group>"; };
		35EF77341A9D44E500A6300E /* type_mat4x2.inl */ = {isa = PBXFileReference; fileEncoding = 4; lastKnownFileType = text; path = type_mat4x2.inl; sourceTree = "<group>"; };
		35EF77351A9D44E500A6300E /* type_mat4x3.hpp */ = {isa = PBXFileReference; fileEncoding = 4; lastKnownFileType = sourcecode.cpp.h; path = type_mat4x3.hpp; sourceTree = "<group>"; };
		35EF77361A9D44E500A6300E /* type_mat4x3.inl */ = {isa = PBXFileReference; fileEncoding = 4; lastKnownFileType = text; path = type_mat4x3.inl; sourceTree = "<group>"; };
		35EF77371A9D44E500A6300E /* type_mat4x4.hpp */ = {isa = PBXFileReference; fileEncoding = 4; lastKnownFileType = sourcecode.cpp.h; path = type_mat4x4.hpp; sourceTree = "<group>"; };
		35EF77381A9D44E500A6300E /* type_mat4x4.inl */ = {isa = PBXFileReference; fileEncoding = 4; lastKnownFileType = text; path = type_mat4x4.inl; sourceTree = "<group>"; };
		35EF77391A9D44E500A6300E /* type_vec.hpp */ = {isa = PBXFileReference; fileEncoding = 4; lastKnownFileType = sourcecode.cpp.h; path = type_vec.hpp; sourceTree = "<group>"; };
		35EF773A1A9D44E500A6300E /* type_vec.inl */ = {isa = PBXFileReference; fileEncoding = 4; lastKnownFileType = text; path = type_vec.inl; sourceTree = "<group>"; };
		35EF773B1A9D44E500A6300E /* type_vec1.hpp */ = {isa = PBXFileReference; fileEncoding = 4; lastKnownFileType = sourcecode.cpp.h; path = type_vec1.hpp; sourceTree = "<group>"; };
		35EF773C1A9D44E500A6300E /* type_vec1.inl */ = {isa = PBXFileReference; fileEncoding = 4; lastKnownFileType = text; path = type_vec1.inl; sourceTree = "<group>"; };
		35EF773D1A9D44E500A6300E /* type_vec2.hpp */ = {isa = PBXFileReference; fileEncoding = 4; lastKnownFileType = sourcecode.cpp.h; path = type_vec2.hpp; sourceTree = "<group>"; };
		35EF773E1A9D44E500A6300E /* type_vec2.inl */ = {isa = PBXFileReference; fileEncoding = 4; lastKnownFileType = text; path = type_vec2.inl; sourceTree = "<group>"; };
		35EF773F1A9D44E500A6300E /* type_vec3.hpp */ = {isa = PBXFileReference; fileEncoding = 4; lastKnownFileType = sourcecode.cpp.h; path = type_vec3.hpp; sourceTree = "<group>"; };
		35EF77401A9D44E500A6300E /* type_vec3.inl */ = {isa = PBXFileReference; fileEncoding = 4; lastKnownFileType = text; path = type_vec3.inl; sourceTree = "<group>"; };
		35EF77411A9D44E500A6300E /* type_vec4.hpp */ = {isa = PBXFileReference; fileEncoding = 4; lastKnownFileType = sourcecode.cpp.h; path = type_vec4.hpp; sourceTree = "<group>"; };
		35EF77421A9D44E500A6300E /* type_vec4.inl */ = {isa = PBXFileReference; fileEncoding = 4; lastKnownFileType = text; path = type_vec4.inl; sourceTree = "<group>"; };
		35EF77431A9D44E500A6300E /* type_vec4_avx.inl */ = {isa = PBXFileReference; fileEncoding = 4; lastKnownFileType = text; path = type_vec4_avx.inl; sourceTree = "<group>"; };
		35EF77441A9D44E500A6300E /* type_vec4_avx2.inl */ = {isa = PBXFileReference; fileEncoding = 4; lastKnownFileType = text; path = type_vec4_avx2.inl; sourceTree = "<group>"; };
		35EF77451A9D44E500A6300E /* type_vec4_sse2.inl */ = {isa = PBXFileReference; fileEncoding = 4; lastKnownFileType = text; path = type_vec4_sse2.inl; sourceTree = "<group>"; };
		35EF77461A9D44E500A6300E /* exponential.hpp */ = {isa = PBXFileReference; fileEncoding = 4; lastKnownFileType = sourcecode.cpp.h; path = exponential.hpp; sourceTree = "<group>"; };
		35EF77471A9D44E500A6300E /* ext.hpp */ = {isa = PBXFileReference; fileEncoding = 4; lastKnownFileType = sourcecode.cpp.h; path = ext.hpp; sourceTree = "<group>"; };
		35EF77481A9D44E500A6300E /* fwd.hpp */ = {isa = PBXFileReference; fileEncoding = 4; lastKnownFileType = sourcecode.cpp.h; path = fwd.hpp; sourceTree = "<group>"; };
		35EF77491A9D44E500A6300E /* geometric.hpp */ = {isa = PBXFileReference; fileEncoding = 4; lastKnownFileType = sourcecode.cpp.h; path = geometric.hpp; sourceTree = "<group>"; };
		35EF774A1A9D44E500A6300E /* glm.hpp */ = {isa = PBXFileReference; fileEncoding = 4; lastKnownFileType = sourcecode.cpp.h; path = glm.hpp; sourceTree = "<group>"; };
		35EF774C1A9D44E500A6300E /* bitfield.hpp */ = {isa = PBXFileReference; fileEncoding = 4; lastKnownFileType = sourcecode.cpp.h; path = bitfield.hpp; sourceTree = "<group>"; };
		35EF774D1A9D44E500A6300E /* bitfield.inl */ = {isa = PBXFileReference; fileEncoding = 4; lastKnownFileType = text; path = bitfield.inl; sourceTree = "<group>"; };
		35EF774E1A9D44E500A6300E /* constants.hpp */ = {isa = PBXFileReference; fileEncoding = 4; lastKnownFileType = sourcecode.cpp.h; path = constants.hpp; sourceTree = "<group>"; };
		35EF774F1A9D44E500A6300E /* constants.inl */ = {isa = PBXFileReference; fileEncoding = 4; lastKnownFileType = text; path = constants.inl; sourceTree = "<group>"; };
		35EF77501A9D44E500A6300E /* epsilon.hpp */ = {isa = PBXFileReference; fileEncoding = 4; lastKnownFileType = sourcecode.cpp.h; path = epsilon.hpp; sourceTree = "<group>"; };
		35EF77511A9D44E500A6300E /* epsilon.inl */ = {isa = PBXFileReference; fileEncoding = 4; lastKnownFileType = text; path = epsilon.inl; sourceTree = "<group>"; };
		35EF77521A9D44E500A6300E /* integer.hpp */ = {isa = PBXFileReference; fileEncoding = 4; lastKnownFileType = sourcecode.cpp.h; path = integer.hpp; sourceTree = "<group>"; };
		35EF77531A9D44E500A6300E /* integer.inl */ = {isa = PBXFileReference; fileEncoding = 4; lastKnownFileType = text; path = integer.inl; sourceTree = "<group>"; };
		35EF77541A9D44E500A6300E /* matrix_access.hpp */ = {isa = PBXFileReference; fileEncoding = 4; lastKnownFileType = sourcecode.cpp.h; path = matrix_access.hpp; sourceTree = "<group>"; };
		35EF77551A9D44E500A6300E /* matrix_access.inl */ = {isa = PBXFileReference; fileEncoding = 4; lastKnownFileType = text; path = matrix_access.inl; sourceTree = "<group>"; };
		35EF77561A9D44E500A6300E /* matrix_integer.hpp */ = {isa = PBXFileReference; fileEncoding = 4; lastKnownFileType = sourcecode.cpp.h; path = matrix_integer.hpp; sourceTree = "<group>"; };
		35EF77571A9D44E500A6300E /* matrix_inverse.hpp */ = {isa = PBXFileReference; fileEncoding = 4; lastKnownFileType = sourcecode.cpp.h; path = matrix_inverse.hpp; sourceTree = "<group>"; };
		35EF77581A9D44E500A6300E /* matrix_inverse.inl */ = {isa = PBXFileReference; fileEncoding = 4; lastKnownFileType = text; path = matrix_inverse.inl; sourceTree = "<group>"; };
		35EF77591A9D44E500A6300E /* matrix_transform.hpp */ = {isa = PBXFileReference; fileEncoding = 4; lastKnownFileType = sourcecode.cpp.h; path = matrix_transform.hpp; sourceTree = "<group>"; };
		35EF775A1A9D44E500A6300E /* matrix_transform.inl */ = {isa = PBXFileReference; fileEncoding = 4; lastKnownFileType = text; path = matrix_transform.inl; sourceTree = "<group>"; };
		35EF775B1A9D44E500A6300E /* noise.hpp */ = {isa = PBXFileReference; fileEncoding = 4; lastKnownFileType = sourcecode.cpp.h; path = noise.hpp; sourceTree = "<group>"; };
		35EF775C1A9D44E500A6300E /* noise.inl */ = {isa = PBXFileReference; fileEncoding = 4; lastKnownFileType = text; path = noise.inl; sourceTree = "<group>"; };
		35EF775D1A9D44E500A6300E /* packing.hpp */ = {isa = PBXFileReference; fileEncoding = 4; lastKnownFileType = sourcecode.cpp.h; path = packing.hpp; sourceTree = "<group>"; };
		35EF775E1A9D44E500A6300E /* packing.inl */ = {isa = PBXFileReference; fileEncoding = 4; lastKnownFileType = text; path = packing.inl; sourceTree = "<group>"; };
		35EF775F1A9D44E500A6300E /* quaternion.hpp */ = {isa = PBXFileReference; fileEncoding = 4; lastKnownFileType = sourcecode.cpp.h; path = quaternion.hpp; sourceTree = "<group>"; };
		35EF77601A9D44E500A6300E /* quaternion.inl */ = {isa = PBXFileReference; fileEncoding = 4; lastKnownFileType = text; path = quaternion.inl; sourceTree = "<group>"; };
		35EF77611A9D44E500A6300E /* random.hpp */ = {isa = PBXFileReference; fileEncoding = 4; lastKnownFileType = sourcecode.cpp.h; path = random.hpp; sourceTree = "<group>"; };
		35EF77621A9D44E500A6300E /* random.inl */ = {isa = PBXFileReference; fileEncoding = 4; lastKnownFileType = text; path = random.inl; sourceTree = "<group>"; };
		35EF77631A9D44E500A6300E /* reciprocal.hpp */ = {isa = PBXFileReference; fileEncoding = 4; lastKnownFileType = sourcecode.cpp.h; path = reciprocal.hpp; sourceTree = "<group>"; };
		35EF77641A9D44E500A6300E /* reciprocal.inl */ = {isa = PBXFileReference; fileEncoding = 4; lastKnownFileType = text; path = reciprocal.inl; sourceTree = "<group>"; };
		35EF77651A9D44E500A6300E /* round.hpp */ = {isa = PBXFileReference; fileEncoding = 4; lastKnownFileType = sourcecode.cpp.h; path = round.hpp; sourceTree = "<group>"; };
		35EF77661A9D44E500A6300E /* round.inl */ = {isa = PBXFileReference; fileEncoding = 4; lastKnownFileType = text; path = round.inl; sourceTree = "<group>"; };
		35EF77671A9D44E500A6300E /* type_precision.hpp */ = {isa = PBXFileReference; fileEncoding = 4; lastKnownFileType = sourcecode.cpp.h; path = type_precision.hpp; sourceTree = "<group>"; };
		35EF77681A9D44E500A6300E /* type_precision.inl */ = {isa = PBXFileReference; fileEncoding = 4; lastKnownFileType = text; path = type_precision.inl; sourceTree = "<group>"; };
		35EF77691A9D44E500A6300E /* type_ptr.hpp */ = {isa = PBXFileReference; fileEncoding = 4; lastKnownFileType = sourcecode.cpp.h; path = type_ptr.hpp; sourceTree = "<group>"; };
		35EF776A1A9D44E500A6300E /* type_ptr.inl */ = {isa = PBXFileReference; fileEncoding = 4; lastKnownFileType = text; path = type_ptr.inl; sourceTree = "<group>"; };
		35EF776B1A9D44E500A6300E /* ulp.hpp */ = {isa = PBXFileReference; fileEncoding = 4; lastKnownFileType = sourcecode.cpp.h; path = ulp.hpp; sourceTree = "<group>"; };
		35EF776C1A9D44E500A6300E /* ulp.inl */ = {isa = PBXFileReference; fileEncoding = 4; lastKnownFileType = text; path = ulp.inl; sourceTree = "<group>"; };
		35EF776D1A9D44E500A6300E /* vec1.hpp */ = {isa = PBXFileReference; fileEncoding = 4; lastKnownFileType = sourcecode.cpp.h; path = vec1.hpp; sourceTree = "<group>"; };
		35EF776E1A9D44E500A6300E /* vec1.inl */ = {isa = PBXFileReference; fileEncoding = 4; lastKnownFileType = text; path = vec1.inl; sourceTree = "<group>"; };
		35EF77701A9D44E500A6300E /* associated_min_max.hpp */ = {isa = PBXFileReference; fileEncoding = 4; lastKnownFileType = sourcecode.cpp.h; path = associated_min_max.hpp; sourceTree = "<group>"; };
		35EF77711A9D44E500A6300E /* associated_min_max.inl */ = {isa = PBXFileReference; fileEncoding = 4; lastKnownFileType = text; path = associated_min_max.inl; sourceTree = "<group>"; };
		35EF77721A9D44E500A6300E /* bit.hpp */ = {isa = PBXFileReference; fileEncoding = 4; lastKnownFileType = sourcecode.cpp.h; path = bit.hpp; sourceTree = "<group>"; };
		35EF77731A9D44E500A6300E /* bit.inl */ = {isa = PBXFileReference; fileEncoding = 4; lastKnownFileType = text; path = bit.inl; sourceTree = "<group>"; };
		35EF77741A9D44E500A6300E /* closest_point.hpp */ = {isa = PBXFileReference; fileEncoding = 4; lastKnownFileType = sourcecode.cpp.h; path = closest_point.hpp; sourceTree = "<group>"; };
		35EF77751A9D44E500A6300E /* closest_point.inl */ = {isa = PBXFileReference; fileEncoding = 4; lastKnownFileType = text; path = closest_point.inl; sourceTree = "<group>"; };
		35EF77761A9D44E500A6300E /* color_space.hpp */ = {isa = PBXFileReference; fileEncoding = 4; lastKnownFileType = sourcecode.cpp.h; path = color_space.hpp; sourceTree = "<group>"; };
		35EF77771A9D44E500A6300E /* color_space.inl */ = {isa = PBXFileReference; fileEncoding = 4; lastKnownFileType = text; path = color_space.inl; sourceTree = "<group>"; };
		35EF77781A9D44E500A6300E /* color_space_YCoCg.hpp */ = {isa = PBXFileReference; fileEncoding = 4; lastKnownFileType = sourcecode.cpp.h; path = color_space_YCoCg.hpp; sourceTree = "<group>"; };
		35EF77791A9D44E500A6300E /* color_space_YCoCg.inl */ = {isa = PBXFileReference; fileEncoding = 4; lastKnownFileType = text; path = color_space_YCoCg.inl; sourceTree = "<group>"; };
		35EF777A1A9D44E500A6300E /* common.hpp */ = {isa = PBXFileReference; fileEncoding = 4; lastKnownFileType = sourcecode.cpp.h; path = common.hpp; sourceTree = "<group>"; };
		35EF777B1A9D44E500A6300E /* common.inl */ = {isa = PBXFileReference; fileEncoding = 4; lastKnownFileType = text; path = common.inl; sourceTree = "<group>"; };
		35EF777C1A9D44E500A6300E /* compatibility.hpp */ = {isa = PBXFileReference; fileEncoding = 4; lastKnownFileType = sourcecode.cpp.h; path = compatibility.hpp; sourceTree = "<group>"; };
		35EF777D1A9D44E500A6300E /* compatibility.inl */ = {isa = PBXFileReference; fileEncoding = 4; lastKnownFileType = text; path = compatibility.inl; sourceTree = "<group>"; };
		35EF777E1A9D44E500A6300E /* component_wise.hpp */ = {isa = PBXFileReference; fileEncoding = 4; lastKnownFileType = sourcecode.cpp.h; path = component_wise.hpp; sourceTree = "<group>"; };
		35EF777F1A9D44E500A6300E /* component_wise.inl */ = {isa = PBXFileReference; fileEncoding = 4; lastKnownFileType = text; path = component_wise.inl; sourceTree = "<group>"; };
		35EF77801A9D44E500A6300E /* dual_quaternion.hpp */ = {isa = PBXFileReference; fileEncoding = 4; lastKnownFileType = sourcecode.cpp.h; path = dual_quaternion.hpp; sourceTree = "<group>"; };
		35EF77811A9D44E500A6300E /* dual_quaternion.inl */ = {isa = PBXFileReference; fileEncoding = 4; lastKnownFileType = text; path = dual_quaternion.inl; sourceTree = "<group>"; };
		35EF77821A9D44E500A6300E /* euler_angles.hpp */ = {isa = PBXFileReference; fileEncoding = 4; lastKnownFileType = sourcecode.cpp.h; path = euler_angles.hpp; sourceTree = "<group>"; };
		35EF77831A9D44E500A6300E /* euler_angles.inl */ = {isa = PBXFileReference; fileEncoding = 4; lastKnownFileType = text; path = euler_angles.inl; sourceTree = "<group>"; };
		35EF77841A9D44E500A6300E /* extend.hpp */ = {isa = PBXFileReference; fileEncoding = 4; lastKnownFileType = sourcecode.cpp.h; path = extend.hpp; sourceTree = "<group>"; };
		35EF77851A9D44E500A6300E /* extend.inl */ = {isa = PBXFileReference; fileEncoding = 4; lastKnownFileType = text; path = extend.inl; sourceTree = "<group>"; };
		35EF77861A9D44E500A6300E /* extented_min_max.hpp */ = {isa = PBXFileReference; fileEncoding = 4; lastKnownFileType = sourcecode.cpp.h; path = extented_min_max.hpp; sourceTree = "<group>"; };
		35EF77871A9D44E500A6300E /* extented_min_max.inl */ = {isa = PBXFileReference; fileEncoding = 4; lastKnownFileType = text; path = extented_min_max.inl; sourceTree = "<group>"; };
		35EF77881A9D44E500A6300E /* fast_exponential.hpp */ = {isa = PBXFileReference; fileEncoding = 4; lastKnownFileType = sourcecode.cpp.h; path = fast_exponential.hpp; sourceTree = "<group>"; };
		35EF77891A9D44E500A6300E /* fast_exponential.inl */ = {isa = PBXFileReference; fileEncoding = 4; lastKnownFileType = text; path = fast_exponential.inl; sourceTree = "<group>"; };
		35EF778A1A9D44E500A6300E /* fast_square_root.hpp */ = {isa = PBXFileReference; fileEncoding = 4; lastKnownFileType = sourcecode.cpp.h; path = fast_square_root.hpp; sourceTree = "<group>"; };
		35EF778B1A9D44E500A6300E /* fast_square_root.inl */ = {isa = PBXFileReference; fileEncoding = 4; lastKnownFileType = text; path = fast_square_root.inl; sourceTree = "<group>"; };
		35EF778C1A9D44E500A6300E /* fast_trigonometry.hpp */ = {isa = PBXFileReference; fileEncoding = 4; lastKnownFileType = sourcecode.cpp.h; path = fast_trigonometry.hpp; sourceTree = "<group>"; };
		35EF778D1A9D44E500A6300E /* fast_trigonometry.inl */ = {isa = PBXFileReference; fileEncoding = 4; lastKnownFileType = text; path = fast_trigonometry.inl; sourceTree = "<group>"; };
		35EF778E1A9D44E500A6300E /* gradient_paint.hpp */ = {isa = PBXFileReference; fileEncoding = 4; lastKnownFileType = sourcecode.cpp.h; path = gradient_paint.hpp; sourceTree = "<group>"; };
		35EF778F1A9D44E500A6300E /* gradient_paint.inl */ = {isa = PBXFileReference; fileEncoding = 4; lastKnownFileType = text; path = gradient_paint.inl; sourceTree = "<group>"; };
		35EF77901A9D44E500A6300E /* handed_coordinate_space.hpp */ = {isa = PBXFileReference; fileEncoding = 4; lastKnownFileType = sourcecode.cpp.h; path = handed_coordinate_space.hpp; sourceTree = "<group>"; };
		35EF77911A9D44E500A6300E /* handed_coordinate_space.inl */ = {isa = PBXFileReference; fileEncoding = 4; lastKnownFileType = text; path = handed_coordinate_space.inl; sourceTree = "<group>"; };
		35EF77921A9D44E500A6300E /* integer.hpp */ = {isa = PBXFileReference; fileEncoding = 4; lastKnownFileType = sourcecode.cpp.h; path = integer.hpp; sourceTree = "<group>"; };
		35EF77931A9D44E500A6300E /* integer.inl */ = {isa = PBXFileReference; fileEncoding = 4; lastKnownFileType = text; path = integer.inl; sourceTree = "<group>"; };
		35EF77941A9D44E500A6300E /* intersect.hpp */ = {isa = PBXFileReference; fileEncoding = 4; lastKnownFileType = sourcecode.cpp.h; path = intersect.hpp; sourceTree = "<group>"; };
		35EF77951A9D44E500A6300E /* intersect.inl */ = {isa = PBXFileReference; fileEncoding = 4; lastKnownFileType = text; path = intersect.inl; sourceTree = "<group>"; };
		35EF77961A9D44E500A6300E /* io.hpp */ = {isa = PBXFileReference; fileEncoding = 4; lastKnownFileType = sourcecode.cpp.h; path = io.hpp; sourceTree = "<group>"; };
		35EF77971A9D44E500A6300E /* io.inl */ = {isa = PBXFileReference; fileEncoding = 4; lastKnownFileType = text; path = io.inl; sourceTree = "<group>"; };
		35EF77981A9D44E500A6300E /* log_base.hpp */ = {isa = PBXFileReference; fileEncoding = 4; lastKnownFileType = sourcecode.cpp.h; path = log_base.hpp; sourceTree = "<group>"; };
		35EF77991A9D44E500A6300E /* log_base.inl */ = {isa = PBXFileReference; fileEncoding = 4; lastKnownFileType = text; path = log_base.inl; sourceTree = "<group>"; };
		35EF779A1A9D44E500A6300E /* matrix_cross_product.hpp */ = {isa = PBXFileReference; fileEncoding = 4; lastKnownFileType = sourcecode.cpp.h; path = matrix_cross_product.hpp; sourceTree = "<group>"; };
		35EF779B1A9D44E500A6300E /* matrix_cross_product.inl */ = {isa = PBXFileReference; fileEncoding = 4; lastKnownFileType = text; path = matrix_cross_product.inl; sourceTree = "<group>"; };
		35EF779C1A9D44E500A6300E /* matrix_decompose.hpp */ = {isa = PBXFileReference; fileEncoding = 4; lastKnownFileType = sourcecode.cpp.h; path = matrix_decompose.hpp; sourceTree = "<group>"; };
		35EF779D1A9D44E500A6300E /* matrix_decompose.inl */ = {isa = PBXFileReference; fileEncoding = 4; lastKnownFileType = text; path = matrix_decompose.inl; sourceTree = "<group>"; };
		35EF779E1A9D44E500A6300E /* matrix_interpolation.hpp */ = {isa = PBXFileReference; fileEncoding = 4; lastKnownFileType = sourcecode.cpp.h; path = matrix_interpolation.hpp; sourceTree = "<group>"; };
		35EF779F1A9D44E500A6300E /* matrix_interpolation.inl */ = {isa = PBXFileReference; fileEncoding = 4; lastKnownFileType = text; path = matrix_interpolation.inl; sourceTree = "<group>"; };
		35EF77A01A9D44E500A6300E /* matrix_major_storage.hpp */ = {isa = PBXFileReference; fileEncoding = 4; lastKnownFileType = sourcecode.cpp.h; path = matrix_major_storage.hpp; sourceTree = "<group>"; };
		35EF77A11A9D44E500A6300E /* matrix_major_storage.inl */ = {isa = PBXFileReference; fileEncoding = 4; lastKnownFileType = text; path = matrix_major_storage.inl; sourceTree = "<group>"; };
		35EF77A21A9D44E500A6300E /* matrix_operation.hpp */ = {isa = PBXFileReference; fileEncoding = 4; lastKnownFileType = sourcecode.cpp.h; path = matrix_operation.hpp; sourceTree = "<group>"; };
		35EF77A31A9D44E500A6300E /* matrix_operation.inl */ = {isa = PBXFileReference; fileEncoding = 4; lastKnownFileType = text; path = matrix_operation.inl; sourceTree = "<group>"; };
		35EF77A41A9D44E500A6300E /* matrix_query.hpp */ = {isa = PBXFileReference; fileEncoding = 4; lastKnownFileType = sourcecode.cpp.h; path = matrix_query.hpp; sourceTree = "<group>"; };
		35EF77A51A9D44E500A6300E /* matrix_query.inl */ = {isa = PBXFileReference; fileEncoding = 4; lastKnownFileType = text; path = matrix_query.inl; sourceTree = "<group>"; };
		35EF77A61A9D44E500A6300E /* matrix_transform_2d.hpp */ = {isa = PBXFileReference; fileEncoding = 4; lastKnownFileType = sourcecode.cpp.h; path = matrix_transform_2d.hpp; sourceTree = "<group>"; };
		35EF77A71A9D44E500A6300E /* matrix_transform_2d.inl */ = {isa = PBXFileReference; fileEncoding = 4; lastKnownFileType = text; path = matrix_transform_2d.inl; sourceTree = "<group>"; };
		35EF77A81A9D44E500A6300E /* mixed_product.hpp */ = {isa = PBXFileReference; fileEncoding = 4; lastKnownFileType = sourcecode.cpp.h; path = mixed_product.hpp; sourceTree = "<group>"; };
		35EF77A91A9D44E500A6300E /* mixed_product.inl */ = {isa = PBXFileReference; fileEncoding = 4; lastKnownFileType = text; path = mixed_product.inl; sourceTree = "<group>"; };
		35EF77AA1A9D44E500A6300E /* multiple.hpp */ = {isa = PBXFileReference; fileEncoding = 4; lastKnownFileType = sourcecode.cpp.h; path = multiple.hpp; sourceTree = "<group>"; };
		35EF77AB1A9D44E500A6300E /* multiple.inl */ = {isa = PBXFileReference; fileEncoding = 4; lastKnownFileType = text; path = multiple.inl; sourceTree = "<group>"; };
		35EF77AC1A9D44E500A6300E /* norm.hpp */ = {isa = PBXFileReference; fileEncoding = 4; lastKnownFileType = sourcecode.cpp.h; path = norm.hpp; sourceTree = "<group>"; };
		35EF77AD1A9D44E500A6300E /* norm.inl */ = {isa = PBXFileReference; fileEncoding = 4; lastKnownFileType = text; path = norm.inl; sourceTree = "<group>"; };
		35EF77AE1A9D44E500A6300E /* normal.hpp */ = {isa = PBXFileReference; fileEncoding = 4; lastKnownFileType = sourcecode.cpp.h; path = normal.hpp; sourceTree = "<group>"; };
		35EF77AF1A9D44E500A6300E /* normal.inl */ = {isa = PBXFileReference; fileEncoding = 4; lastKnownFileType = text; path = normal.inl; sourceTree = "<group>"; };
		35EF77B01A9D44E500A6300E /* normalize_dot.hpp */ = {isa = PBXFileReference; fileEncoding = 4; lastKnownFileType = sourcecode.cpp.h; path = normalize_dot.hpp; sourceTree = "<group>"; };
		35EF77B11A9D44E500A6300E /* normalize_dot.inl */ = {isa = PBXFileReference; fileEncoding = 4; lastKnownFileType = text; path = normalize_dot.inl; sourceTree = "<group>"; };
		35EF77B21A9D44E500A6300E /* number_precision.hpp */ = {isa = PBXFileReference; fileEncoding = 4; lastKnownFileType = sourcecode.cpp.h; path = number_precision.hpp; sourceTree = "<group>"; };
		35EF77B31A9D44E500A6300E /* number_precision.inl */ = {isa = PBXFileReference; fileEncoding = 4; lastKnownFileType = text; path = number_precision.inl; sourceTree = "<group>"; };
		35EF77B41A9D44E500A6300E /* optimum_pow.hpp */ = {isa = PBXFileReference; fileEncoding = 4; lastKnownFileType = sourcecode.cpp.h; path = optimum_pow.hpp; sourceTree = "<group>"; };
		35EF77B51A9D44E500A6300E /* optimum_pow.inl */ = {isa = PBXFileReference; fileEncoding = 4; lastKnownFileType = text; path = optimum_pow.inl; sourceTree = "<group>"; };
		35EF77B61A9D44E500A6300E /* orthonormalize.hpp */ = {isa = PBXFileReference; fileEncoding = 4; lastKnownFileType = sourcecode.cpp.h; path = orthonormalize.hpp; sourceTree = "<group>"; };
		35EF77B71A9D44E500A6300E /* orthonormalize.inl */ = {isa = PBXFileReference; fileEncoding = 4; lastKnownFileType = text; path = orthonormalize.inl; sourceTree = "<group>"; };
		35EF77B81A9D44E500A6300E /* perpendicular.hpp */ = {isa = PBXFileReference; fileEncoding = 4; lastKnownFileType = sourcecode.cpp.h; path = perpendicular.hpp; sourceTree = "<group>"; };
		35EF77B91A9D44E500A6300E /* perpendicular.inl */ = {isa = PBXFileReference; fileEncoding = 4; lastKnownFileType = text; path = perpendicular.inl; sourceTree = "<group>"; };
		35EF77BA1A9D44E500A6300E /* polar_coordinates.hpp */ = {isa = PBXFileReference; fileEncoding = 4; lastKnownFileType = sourcecode.cpp.h; path = polar_coordinates.hpp; sourceTree = "<group>"; };
		35EF77BB1A9D44E500A6300E /* polar_coordinates.inl */ = {isa = PBXFileReference; fileEncoding = 4; lastKnownFileType = text; path = polar_coordinates.inl; sourceTree = "<group>"; };
		35EF77BC1A9D44E500A6300E /* projection.hpp */ = {isa = PBXFileReference; fileEncoding = 4; lastKnownFileType = sourcecode.cpp.h; path = projection.hpp; sourceTree = "<group>"; };
		35EF77BD1A9D44E500A6300E /* projection.inl */ = {isa = PBXFileReference; fileEncoding = 4; lastKnownFileType = text; path = projection.inl; sourceTree = "<group>"; };
		35EF77BE1A9D44E500A6300E /* quaternion.hpp */ = {isa = PBXFileReference; fileEncoding = 4; lastKnownFileType = sourcecode.cpp.h; path = quaternion.hpp; sourceTree = "<group>"; };
		35EF77BF1A9D44E500A6300E /* quaternion.inl */ = {isa = PBXFileReference; fileEncoding = 4; lastKnownFileType = text; path = quaternion.inl; sourceTree = "<group>"; };
		35EF77C01A9D44E500A6300E /* range.hpp */ = {isa = PBXFileReference; fileEncoding = 4; lastKnownFileType = sourcecode.cpp.h; path = range.hpp; sourceTree = "<group>"; };
		35EF77C11A9D44E500A6300E /* raw_data.hpp */ = {isa = PBXFileReference; fileEncoding = 4; lastKnownFileType = sourcecode.cpp.h; path = raw_data.hpp; sourceTree = "<group>"; };
		35EF77C21A9D44E500A6300E /* raw_data.inl */ = {isa = PBXFileReference; fileEncoding = 4; lastKnownFileType = text; path = raw_data.inl; sourceTree = "<group>"; };
		35EF77C31A9D44E500A6300E /* rotate_normalized_axis.hpp */ = {isa = PBXFileReference; fileEncoding = 4; lastKnownFileType = sourcecode.cpp.h; path = rotate_normalized_axis.hpp; sourceTree = "<group>"; };
		35EF77C41A9D44E500A6300E /* rotate_normalized_axis.inl */ = {isa = PBXFileReference; fileEncoding = 4; lastKnownFileType = text; path = rotate_normalized_axis.inl; sourceTree = "<group>"; };
		35EF77C51A9D44E500A6300E /* rotate_vector.hpp */ = {isa = PBXFileReference; fileEncoding = 4; lastKnownFileType = sourcecode.cpp.h; path = rotate_vector.hpp; sourceTree = "<group>"; };
		35EF77C61A9D44E500A6300E /* rotate_vector.inl */ = {isa = PBXFileReference; fileEncoding = 4; lastKnownFileType = text; path = rotate_vector.inl; sourceTree = "<group>"; };
		35EF77C71A9D44E500A6300E /* scalar_multiplication.hpp */ = {isa = PBXFileReference; fileEncoding = 4; lastKnownFileType = sourcecode.cpp.h; path = scalar_multiplication.hpp; sourceTree = "<group>"; };
		35EF77C81A9D44E500A6300E /* scalar_relational.hpp */ = {isa = PBXFileReference; fileEncoding = 4; lastKnownFileType = sourcecode.cpp.h; path = scalar_relational.hpp; sourceTree = "<group>"; };
		35EF77C91A9D44E500A6300E /* scalar_relational.inl */ = {isa = PBXFileReference; fileEncoding = 4; lastKnownFileType = text; path = scalar_relational.inl; sourceTree = "<group>"; };
		35EF77CA1A9D44E500A6300E /* simd_mat4.hpp */ = {isa = PBXFileReference; fileEncoding = 4; lastKnownFileType = sourcecode.cpp.h; path = simd_mat4.hpp; sourceTree = "<group>"; };
		35EF77CB1A9D44E500A6300E /* simd_mat4.inl */ = {isa = PBXFileReference; fileEncoding = 4; lastKnownFileType = text; path = simd_mat4.inl; sourceTree = "<group>"; };
		35EF77CC1A9D44E500A6300E /* simd_quat.hpp */ = {isa = PBXFileReference; fileEncoding = 4; lastKnownFileType = sourcecode.cpp.h; path = simd_quat.hpp; sourceTree = "<group>"; };
		35EF77CD1A9D44E500A6300E /* simd_quat.inl */ = {isa = PBXFileReference; fileEncoding = 4; lastKnownFileType = text; path = simd_quat.inl; sourceTree = "<group>"; };
		35EF77CE1A9D44E500A6300E /* simd_vec4.hpp */ = {isa = PBXFileReference; fileEncoding = 4; lastKnownFileType = sourcecode.cpp.h; path = simd_vec4.hpp; sourceTree = "<group>"; };
		35EF77CF1A9D44E500A6300E /* simd_vec4.inl */ = {isa = PBXFileReference; fileEncoding = 4; lastKnownFileType = text; path = simd_vec4.inl; sourceTree = "<group>"; };
		35EF77D01A9D44E500A6300E /* spline.hpp */ = {isa = PBXFileReference; fileEncoding = 4; lastKnownFileType = sourcecode.cpp.h; path = spline.hpp; sourceTree = "<group>"; };
		35EF77D11A9D44E500A6300E /* spline.inl */ = {isa = PBXFileReference; fileEncoding = 4; lastKnownFileType = text; path = spline.inl; sourceTree = "<group>"; };
		35EF77D21A9D44E500A6300E /* std_based_type.hpp */ = {isa = PBXFileReference; fileEncoding = 4; lastKnownFileType = sourcecode.cpp.h; path = std_based_type.hpp; sourceTree = "<group>"; };
		35EF77D31A9D44E500A6300E /* std_based_type.inl */ = {isa = PBXFileReference; fileEncoding = 4; lastKnownFileType = text; path = std_based_type.inl; sourceTree = "<group>"; };
		35EF77D41A9D44E500A6300E /* string_cast.hpp */ = {isa = PBXFileReference; fileEncoding = 4; lastKnownFileType = sourcecode.cpp.h; path = string_cast.hpp; sourceTree = "<group>"; };
		35EF77D51A9D44E500A6300E /* string_cast.inl */ = {isa = PBXFileReference; fileEncoding = 4; lastKnownFileType = text; path = string_cast.inl; sourceTree = "<group>"; };
		35EF77D61A9D44E500A6300E /* transform.hpp */ = {isa = PBXFileReference; fileEncoding = 4; lastKnownFileType = sourcecode.cpp.h; path = transform.hpp; sourceTree = "<group>"; };
		35EF77D71A9D44E500A6300E /* transform.inl */ = {isa = PBXFileReference; fileEncoding = 4; lastKnownFileType = text; path = transform.inl; sourceTree = "<group>"; };
		35EF77D81A9D44E500A6300E /* transform2.hpp */ = {isa = PBXFileReference; fileEncoding = 4; lastKnownFileType = sourcecode.cpp.h; path = transform2.hpp; sourceTree = "<group>"; };
		35EF77D91A9D44E500A6300E /* transform2.inl */ = {isa = PBXFileReference; fileEncoding = 4; lastKnownFileType = text; path = transform2.inl; sourceTree = "<group>"; };
		35EF77DA1A9D44E500A6300E /* type_aligned.hpp */ = {isa = PBXFileReference; fileEncoding = 4; lastKnownFileType = sourcecode.cpp.h; path = type_aligned.hpp; sourceTree = "<group>"; };
		35EF77DB1A9D44E500A6300E /* type_aligned.inl */ = {isa = PBXFileReference; fileEncoding = 4; lastKnownFileType = text; path = type_aligned.inl; sourceTree = "<group>"; };
		35EF77DC1A9D44E500A6300E /* vector_angle.hpp */ = {isa = PBXFileReference; fileEncoding = 4; lastKnownFileType = sourcecode.cpp.h; path = vector_angle.hpp; sourceTree = "<group>"; };
		35EF77DD1A9D44E500A6300E /* vector_angle.inl */ = {isa = PBXFileReference; fileEncoding = 4; lastKnownFileType = text; path = vector_angle.inl; sourceTree = "<group>"; };
		35EF77DE1A9D44E500A6300E /* vector_query.hpp */ = {isa = PBXFileReference; fileEncoding = 4; lastKnownFileType = sourcecode.cpp.h; path = vector_query.hpp; sourceTree = "<group>"; };
		35EF77DF1A9D44E500A6300E /* vector_query.inl */ = {isa = PBXFileReference; fileEncoding = 4; lastKnownFileType = text; path = vector_query.inl; sourceTree = "<group>"; };
		35EF77E01A9D44E500A6300E /* wrap.hpp */ = {isa = PBXFileReference; fileEncoding = 4; lastKnownFileType = sourcecode.cpp.h; path = wrap.hpp; sourceTree = "<group>"; };
		35EF77E11A9D44E500A6300E /* wrap.inl */ = {isa = PBXFileReference; fileEncoding = 4; lastKnownFileType = text; path = wrap.inl; sourceTree = "<group>"; };
		35EF77E21A9D44E500A6300E /* integer.hpp */ = {isa = PBXFileReference; fileEncoding = 4; lastKnownFileType = sourcecode.cpp.h; path = integer.hpp; sourceTree = "<group>"; };
		35EF77E31A9D44E500A6300E /* mat2x2.hpp */ = {isa = PBXFileReference; fileEncoding = 4; lastKnownFileType = sourcecode.cpp.h; path = mat2x2.hpp; sourceTree = "<group>"; };
		35EF77E41A9D44E500A6300E /* mat2x3.hpp */ = {isa = PBXFileReference; fileEncoding = 4; lastKnownFileType = sourcecode.cpp.h; path = mat2x3.hpp; sourceTree = "<group>"; };
		35EF77E51A9D44E500A6300E /* mat2x4.hpp */ = {isa = PBXFileReference; fileEncoding = 4; lastKnownFileType = sourcecode.cpp.h; path = mat2x4.hpp; sourceTree = "<group>"; };
		35EF77E61A9D44E500A6300E /* mat3x2.hpp */ = {isa = PBXFileReference; fileEncoding = 4; lastKnownFileType = sourcecode.cpp.h; path = mat3x2.hpp; sourceTree = "<group>"; };
		35EF77E71A9D44E500A6300E /* mat3x3.hpp */ = {isa = PBXFileReference; fileEncoding = 4; lastKnownFileType = sourcecode.cpp.h; path = mat3x3.hpp; sourceTree = "<group>"; };
		35EF77E81A9D44E500A6300E /* mat3x4.hpp */ = {isa = PBXFileReference; fileEncoding = 4; lastKnownFileType = sourcecode.cpp.h; path = mat3x4.hpp; sourceTree = "<group>"; };
		35EF77E91A9D44E500A6300E /* mat4x2.hpp */ = {isa = PBXFileReference; fileEncoding = 4; lastKnownFileType = sourcecode.cpp.h; path = mat4x2.hpp; sourceTree = "<group>"; };
		35EF77EA1A9D44E500A6300E /* mat4x3.hpp */ = {isa = PBXFileReference; fileEncoding = 4; lastKnownFileType = sourcecode.cpp.h; path = mat4x3.hpp; sourceTree = "<group>"; };
		35EF77EB1A9D44E500A6300E /* mat4x4.hpp */ = {isa = PBXFileReference; fileEncoding = 4; lastKnownFileType = sourcecode.cpp.h; path = mat4x4.hpp; sourceTree = "<group>"; };
		35EF77EC1A9D44E600A6300E /* matrix.hpp */ = {isa = PBXFileReference; fileEncoding = 4; lastKnownFileType = sourcecode.cpp.h; path = matrix.hpp; sourceTree = "<group>"; };
		35EF77ED1A9D44E600A6300E /* packing.hpp */ = {isa = PBXFileReference; fileEncoding = 4; lastKnownFileType = sourcecode.cpp.h; path = packing.hpp; sourceTree = "<group>"; };
		35EF77EE1A9D44E600A6300E /* trigonometric.hpp */ = {isa = PBXFileReference; fileEncoding = 4; lastKnownFileType = sourcecode.cpp.h; path = trigonometric.hpp; sourceTree = "<group>"; };
		35EF77EF1A9D44E600A6300E /* vec2.hpp */ = {isa = PBXFileReference; fileEncoding = 4; lastKnownFileType = sourcecode.cpp.h; path = vec2.hpp; sourceTree = "<group>"; };
		35EF77F01A9D44E600A6300E /* vec3.hpp */ = {isa = PBXFileReference; fileEncoding = 4; lastKnownFileType = sourcecode.cpp.h; path = vec3.hpp; sourceTree = "<group>"; };
		35EF77F11A9D44E600A6300E /* vec4.hpp */ = {isa = PBXFileReference; fileEncoding = 4; lastKnownFileType = sourcecode.cpp.h; path = vec4.hpp; sourceTree = "<group>"; };
		35EF77F21A9D44E600A6300E /* vector_relational.hpp */ = {isa = PBXFileReference; fileEncoding = 4; lastKnownFileType = sourcecode.cpp.h; path = vector_relational.hpp; sourceTree = "<group>"; };
		35EF77F71A9D56BD00A6300E /* libglfw.3.1.dylib */ = {isa = PBXFileReference; lastKnownFileType = "compiled.mach-o.dylib"; name = libglfw.3.1.dylib; path = ../../../../../usr/local/lib/libglfw.3.1.dylib; sourceTree = "<group>"; };
		35EF77F91A9D56D200A6300E /* libGLEW.1.12.0.dylib */ = {isa = PBXFileReference; lastKnownFileType = "compiled.mach-o.dylib"; name = libGLEW.1.12.0.dylib; path = ../../../../../usr/local/lib/libGLEW.1.12.0.dylib; sourceTree = "<group>"; };
/* End PBXFileReference section */

/* Begin PBXFrameworksBuildPhase section */
		35EF76B51A9D375E00A6300E /* Frameworks */ = {
			isa = PBXFrameworksBuildPhase;
			buildActionMask = 2147483647;
			files = (
				35EF77FA1A9D56D200A6300E /* libGLEW.1.12.0.dylib in Frameworks */,
				35EF77F81A9D56BD00A6300E /* libglfw.3.1.dylib in Frameworks */,
				35EF76C31A9D379200A6300E /* OpenGL.framework in Frameworks */,
			);
			runOnlyForDeploymentPostprocessing = 0;
		};
/* End PBXFrameworksBuildPhase section */

/* Begin PBXGroup section */
		35EF76AF1A9D375E00A6300E = {
			isa = PBXGroup;
			children = (
				35EF77F91A9D56D200A6300E /* libGLEW.1.12.0.dylib */,
				35EF77F71A9D56BD00A6300E /* libglfw.3.1.dylib */,
				35EF76F01A9D44E500A6300E /* include */,
				35EF76C21A9D379200A6300E /* OpenGL.framework */,
				35EF76BA1A9D375E00A6300E /* MoS */,
				35EF76B91A9D375E00A6300E /* Products */,
			);
			sourceTree = "<group>";
		};
		35EF76B91A9D375E00A6300E /* Products */ = {
			isa = PBXGroup;
			children = (
				35EF76B81A9D375E00A6300E /* MoS */,
			);
			name = Products;
			sourceTree = "<group>";
		};
		35EF76BA1A9D375E00A6300E /* MoS */ = {
			isa = PBXGroup;
			children = (
				35EF77F51A9D460500A6300E /* Headers */,
				35EF77F61A9D462700A6300E /* Sources */,
				35EF76D61A9D44B200A6300E /* fragmentshader.glsl */,
				35EF76E51A9D44B200A6300E /* vertexshader.glsl */,
			);
			path = MoS;
			sourceTree = "<group>";
		};
		35EF76F01A9D44E500A6300E /* include */ = {
			isa = PBXGroup;
			children = (
				35EF76F11A9D44E500A6300E /* glm */,
			);
			path = include;
			sourceTree = "<group>";
		};
		35EF76F11A9D44E500A6300E /* glm */ = {
			isa = PBXGroup;
			children = (
				35EF76F21A9D44E500A6300E /* CMakeLists.txt */,
				35EF76F31A9D44E500A6300E /* common.hpp */,
				35EF76F41A9D44E500A6300E /* detail */,
				35EF77461A9D44E500A6300E /* exponential.hpp */,
				35EF77471A9D44E500A6300E /* ext.hpp */,
				35EF77481A9D44E500A6300E /* fwd.hpp */,
				35EF77491A9D44E500A6300E /* geometric.hpp */,
				35EF774A1A9D44E500A6300E /* glm.hpp */,
				35EF774B1A9D44E500A6300E /* gtc */,
				35EF776F1A9D44E500A6300E /* gtx */,
				35EF77E21A9D44E500A6300E /* integer.hpp */,
				35EF77E31A9D44E500A6300E /* mat2x2.hpp */,
				35EF77E41A9D44E500A6300E /* mat2x3.hpp */,
				35EF77E51A9D44E500A6300E /* mat2x4.hpp */,
				35EF77E61A9D44E500A6300E /* mat3x2.hpp */,
				35EF77E71A9D44E500A6300E /* mat3x3.hpp */,
				35EF77E81A9D44E500A6300E /* mat3x4.hpp */,
				35EF77E91A9D44E500A6300E /* mat4x2.hpp */,
				35EF77EA1A9D44E500A6300E /* mat4x3.hpp */,
				35EF77EB1A9D44E500A6300E /* mat4x4.hpp */,
				35EF77EC1A9D44E600A6300E /* matrix.hpp */,
				35EF77ED1A9D44E600A6300E /* packing.hpp */,
				35EF77EE1A9D44E600A6300E /* trigonometric.hpp */,
				35EF77EF1A9D44E600A6300E /* vec2.hpp */,
				35EF77F01A9D44E600A6300E /* vec3.hpp */,
				35EF77F11A9D44E600A6300E /* vec4.hpp */,
				35EF77F21A9D44E600A6300E /* vector_relational.hpp */,
			);
			path = glm;
			sourceTree = "<group>";
		};
		35EF76F41A9D44E500A6300E /* detail */ = {
			isa = PBXGroup;
			children = (
				35EF76F51A9D44E500A6300E /* _features.hpp */,
				35EF76F61A9D44E500A6300E /* _fixes.hpp */,
				35EF76F71A9D44E500A6300E /* _noise.hpp */,
				35EF76F81A9D44E500A6300E /* _swizzle.hpp */,
				35EF76F91A9D44E500A6300E /* _swizzle_func.hpp */,
				35EF76FA1A9D44E500A6300E /* _vectorize.hpp */,
				35EF76FB1A9D44E500A6300E /* dummy.cpp */,
				35EF76FC1A9D44E500A6300E /* func_common.hpp */,
				35EF76FD1A9D44E500A6300E /* func_common.inl */,
				35EF76FE1A9D44E500A6300E /* func_exponential.hpp */,
				35EF76FF1A9D44E500A6300E /* func_exponential.inl */,
				35EF77001A9D44E500A6300E /* func_geometric.hpp */,
				35EF77011A9D44E500A6300E /* func_geometric.inl */,
				35EF77021A9D44E500A6300E /* func_integer.hpp */,
				35EF77031A9D44E500A6300E /* func_integer.inl */,
				35EF77041A9D44E500A6300E /* func_matrix.hpp */,
				35EF77051A9D44E500A6300E /* func_matrix.inl */,
				35EF77061A9D44E500A6300E /* func_noise.hpp */,
				35EF77071A9D44E500A6300E /* func_noise.inl */,
				35EF77081A9D44E500A6300E /* func_packing.hpp */,
				35EF77091A9D44E500A6300E /* func_packing.inl */,
				35EF770A1A9D44E500A6300E /* func_trigonometric.hpp */,
				35EF770B1A9D44E500A6300E /* func_trigonometric.inl */,
				35EF770C1A9D44E500A6300E /* func_vector_relational.hpp */,
				35EF770D1A9D44E500A6300E /* func_vector_relational.inl */,
				35EF770E1A9D44E500A6300E /* glm.cpp */,
				35EF770F1A9D44E500A6300E /* intrinsic_common.hpp */,
				35EF77101A9D44E500A6300E /* intrinsic_common.inl */,
				35EF77111A9D44E500A6300E /* intrinsic_exponential.hpp */,
				35EF77121A9D44E500A6300E /* intrinsic_exponential.inl */,
				35EF77131A9D44E500A6300E /* intrinsic_geometric.hpp */,
				35EF77141A9D44E500A6300E /* intrinsic_geometric.inl */,
				35EF77151A9D44E500A6300E /* intrinsic_integer.hpp */,
				35EF77161A9D44E500A6300E /* intrinsic_integer.inl */,
				35EF77171A9D44E500A6300E /* intrinsic_matrix.hpp */,
				35EF77181A9D44E500A6300E /* intrinsic_matrix.inl */,
				35EF77191A9D44E500A6300E /* intrinsic_trigonometric.hpp */,
				35EF771A1A9D44E500A6300E /* intrinsic_trigonometric.inl */,
				35EF771B1A9D44E500A6300E /* intrinsic_vector_relational.hpp */,
				35EF771C1A9D44E500A6300E /* intrinsic_vector_relational.inl */,
				35EF771D1A9D44E500A6300E /* precision.hpp */,
				35EF771E1A9D44E500A6300E /* setup.hpp */,
				35EF771F1A9D44E500A6300E /* type_float.hpp */,
				35EF77201A9D44E500A6300E /* type_gentype.hpp */,
				35EF77211A9D44E500A6300E /* type_gentype.inl */,
				35EF77221A9D44E500A6300E /* type_half.hpp */,
				35EF77231A9D44E500A6300E /* type_half.inl */,
				35EF77241A9D44E500A6300E /* type_int.hpp */,
				35EF77251A9D44E500A6300E /* type_mat.hpp */,
				35EF77261A9D44E500A6300E /* type_mat.inl */,
				35EF77271A9D44E500A6300E /* type_mat2x2.hpp */,
				35EF77281A9D44E500A6300E /* type_mat2x2.inl */,
				35EF77291A9D44E500A6300E /* type_mat2x3.hpp */,
				35EF772A1A9D44E500A6300E /* type_mat2x3.inl */,
				35EF772B1A9D44E500A6300E /* type_mat2x4.hpp */,
				35EF772C1A9D44E500A6300E /* type_mat2x4.inl */,
				35EF772D1A9D44E500A6300E /* type_mat3x2.hpp */,
				35EF772E1A9D44E500A6300E /* type_mat3x2.inl */,
				35EF772F1A9D44E500A6300E /* type_mat3x3.hpp */,
				35EF77301A9D44E500A6300E /* type_mat3x3.inl */,
				35EF77311A9D44E500A6300E /* type_mat3x4.hpp */,
				35EF77321A9D44E500A6300E /* type_mat3x4.inl */,
				35EF77331A9D44E500A6300E /* type_mat4x2.hpp */,
				35EF77341A9D44E500A6300E /* type_mat4x2.inl */,
				35EF77351A9D44E500A6300E /* type_mat4x3.hpp */,
				35EF77361A9D44E500A6300E /* type_mat4x3.inl */,
				35EF77371A9D44E500A6300E /* type_mat4x4.hpp */,
				35EF77381A9D44E500A6300E /* type_mat4x4.inl */,
				35EF77391A9D44E500A6300E /* type_vec.hpp */,
				35EF773A1A9D44E500A6300E /* type_vec.inl */,
				35EF773B1A9D44E500A6300E /* type_vec1.hpp */,
				35EF773C1A9D44E500A6300E /* type_vec1.inl */,
				35EF773D1A9D44E500A6300E /* type_vec2.hpp */,
				35EF773E1A9D44E500A6300E /* type_vec2.inl */,
				35EF773F1A9D44E500A6300E /* type_vec3.hpp */,
				35EF77401A9D44E500A6300E /* type_vec3.inl */,
				35EF77411A9D44E500A6300E /* type_vec4.hpp */,
				35EF77421A9D44E500A6300E /* type_vec4.inl */,
				35EF77431A9D44E500A6300E /* type_vec4_avx.inl */,
				35EF77441A9D44E500A6300E /* type_vec4_avx2.inl */,
				35EF77451A9D44E500A6300E /* type_vec4_sse2.inl */,
			);
			path = detail;
			sourceTree = "<group>";
		};
		35EF774B1A9D44E500A6300E /* gtc */ = {
			isa = PBXGroup;
			children = (
				35EF774C1A9D44E500A6300E /* bitfield.hpp */,
				35EF774D1A9D44E500A6300E /* bitfield.inl */,
				35EF774E1A9D44E500A6300E /* constants.hpp */,
				35EF774F1A9D44E500A6300E /* constants.inl */,
				35EF77501A9D44E500A6300E /* epsilon.hpp */,
				35EF77511A9D44E500A6300E /* epsilon.inl */,
				35EF77521A9D44E500A6300E /* integer.hpp */,
				35EF77531A9D44E500A6300E /* integer.inl */,
				35EF77541A9D44E500A6300E /* matrix_access.hpp */,
				35EF77551A9D44E500A6300E /* matrix_access.inl */,
				35EF77561A9D44E500A6300E /* matrix_integer.hpp */,
				35EF77571A9D44E500A6300E /* matrix_inverse.hpp */,
				35EF77581A9D44E500A6300E /* matrix_inverse.inl */,
				35EF77591A9D44E500A6300E /* matrix_transform.hpp */,
				35EF775A1A9D44E500A6300E /* matrix_transform.inl */,
				35EF775B1A9D44E500A6300E /* noise.hpp */,
				35EF775C1A9D44E500A6300E /* noise.inl */,
				35EF775D1A9D44E500A6300E /* packing.hpp */,
				35EF775E1A9D44E500A6300E /* packing.inl */,
				35EF775F1A9D44E500A6300E /* quaternion.hpp */,
				35EF77601A9D44E500A6300E /* quaternion.inl */,
				35EF77611A9D44E500A6300E /* random.hpp */,
				35EF77621A9D44E500A6300E /* random.inl */,
				35EF77631A9D44E500A6300E /* reciprocal.hpp */,
				35EF77641A9D44E500A6300E /* reciprocal.inl */,
				35EF77651A9D44E500A6300E /* round.hpp */,
				35EF77661A9D44E500A6300E /* round.inl */,
				35EF77671A9D44E500A6300E /* type_precision.hpp */,
				35EF77681A9D44E500A6300E /* type_precision.inl */,
				35EF77691A9D44E500A6300E /* type_ptr.hpp */,
				35EF776A1A9D44E500A6300E /* type_ptr.inl */,
				35EF776B1A9D44E500A6300E /* ulp.hpp */,
				35EF776C1A9D44E500A6300E /* ulp.inl */,
				35EF776D1A9D44E500A6300E /* vec1.hpp */,
				35EF776E1A9D44E500A6300E /* vec1.inl */,
			);
			path = gtc;
			sourceTree = "<group>";
		};
		35EF776F1A9D44E500A6300E /* gtx */ = {
			isa = PBXGroup;
			children = (
				35EF77701A9D44E500A6300E /* associated_min_max.hpp */,
				35EF77711A9D44E500A6300E /* associated_min_max.inl */,
				35EF77721A9D44E500A6300E /* bit.hpp */,
				35EF77731A9D44E500A6300E /* bit.inl */,
				35EF77741A9D44E500A6300E /* closest_point.hpp */,
				35EF77751A9D44E500A6300E /* closest_point.inl */,
				35EF77761A9D44E500A6300E /* color_space.hpp */,
				35EF77771A9D44E500A6300E /* color_space.inl */,
				35EF77781A9D44E500A6300E /* color_space_YCoCg.hpp */,
				35EF77791A9D44E500A6300E /* color_space_YCoCg.inl */,
				35EF777A1A9D44E500A6300E /* common.hpp */,
				35EF777B1A9D44E500A6300E /* common.inl */,
				35EF777C1A9D44E500A6300E /* compatibility.hpp */,
				35EF777D1A9D44E500A6300E /* compatibility.inl */,
				35EF777E1A9D44E500A6300E /* component_wise.hpp */,
				35EF777F1A9D44E500A6300E /* component_wise.inl */,
				35EF77801A9D44E500A6300E /* dual_quaternion.hpp */,
				35EF77811A9D44E500A6300E /* dual_quaternion.inl */,
				35EF77821A9D44E500A6300E /* euler_angles.hpp */,
				35EF77831A9D44E500A6300E /* euler_angles.inl */,
				35EF77841A9D44E500A6300E /* extend.hpp */,
				35EF77851A9D44E500A6300E /* extend.inl */,
				35EF77861A9D44E500A6300E /* extented_min_max.hpp */,
				35EF77871A9D44E500A6300E /* extented_min_max.inl */,
				35EF77881A9D44E500A6300E /* fast_exponential.hpp */,
				35EF77891A9D44E500A6300E /* fast_exponential.inl */,
				35EF778A1A9D44E500A6300E /* fast_square_root.hpp */,
				35EF778B1A9D44E500A6300E /* fast_square_root.inl */,
				35EF778C1A9D44E500A6300E /* fast_trigonometry.hpp */,
				35EF778D1A9D44E500A6300E /* fast_trigonometry.inl */,
				35EF778E1A9D44E500A6300E /* gradient_paint.hpp */,
				35EF778F1A9D44E500A6300E /* gradient_paint.inl */,
				35EF77901A9D44E500A6300E /* handed_coordinate_space.hpp */,
				35EF77911A9D44E500A6300E /* handed_coordinate_space.inl */,
				35EF77921A9D44E500A6300E /* integer.hpp */,
				35EF77931A9D44E500A6300E /* integer.inl */,
				35EF77941A9D44E500A6300E /* intersect.hpp */,
				35EF77951A9D44E500A6300E /* intersect.inl */,
				35EF77961A9D44E500A6300E /* io.hpp */,
				35EF77971A9D44E500A6300E /* io.inl */,
				35EF77981A9D44E500A6300E /* log_base.hpp */,
				35EF77991A9D44E500A6300E /* log_base.inl */,
				35EF779A1A9D44E500A6300E /* matrix_cross_product.hpp */,
				35EF779B1A9D44E500A6300E /* matrix_cross_product.inl */,
				35EF779C1A9D44E500A6300E /* matrix_decompose.hpp */,
				35EF779D1A9D44E500A6300E /* matrix_decompose.inl */,
				35EF779E1A9D44E500A6300E /* matrix_interpolation.hpp */,
				35EF779F1A9D44E500A6300E /* matrix_interpolation.inl */,
				35EF77A01A9D44E500A6300E /* matrix_major_storage.hpp */,
				35EF77A11A9D44E500A6300E /* matrix_major_storage.inl */,
				35EF77A21A9D44E500A6300E /* matrix_operation.hpp */,
				35EF77A31A9D44E500A6300E /* matrix_operation.inl */,
				35EF77A41A9D44E500A6300E /* matrix_query.hpp */,
				35EF77A51A9D44E500A6300E /* matrix_query.inl */,
				35EF77A61A9D44E500A6300E /* matrix_transform_2d.hpp */,
				35EF77A71A9D44E500A6300E /* matrix_transform_2d.inl */,
				35EF77A81A9D44E500A6300E /* mixed_product.hpp */,
				35EF77A91A9D44E500A6300E /* mixed_product.inl */,
				35EF77AA1A9D44E500A6300E /* multiple.hpp */,
				35EF77AB1A9D44E500A6300E /* multiple.inl */,
				35EF77AC1A9D44E500A6300E /* norm.hpp */,
				35EF77AD1A9D44E500A6300E /* norm.inl */,
				35EF77AE1A9D44E500A6300E /* normal.hpp */,
				35EF77AF1A9D44E500A6300E /* normal.inl */,
				35EF77B01A9D44E500A6300E /* normalize_dot.hpp */,
				35EF77B11A9D44E500A6300E /* normalize_dot.inl */,
				35EF77B21A9D44E500A6300E /* number_precision.hpp */,
				35EF77B31A9D44E500A6300E /* number_precision.inl */,
				35EF77B41A9D44E500A6300E /* optimum_pow.hpp */,
				35EF77B51A9D44E500A6300E /* optimum_pow.inl */,
				35EF77B61A9D44E500A6300E /* orthonormalize.hpp */,
				35EF77B71A9D44E500A6300E /* orthonormalize.inl */,
				35EF77B81A9D44E500A6300E /* perpendicular.hpp */,
				35EF77B91A9D44E500A6300E /* perpendicular.inl */,
				35EF77BA1A9D44E500A6300E /* polar_coordinates.hpp */,
				35EF77BB1A9D44E500A6300E /* polar_coordinates.inl */,
				35EF77BC1A9D44E500A6300E /* projection.hpp */,
				35EF77BD1A9D44E500A6300E /* projection.inl */,
				35EF77BE1A9D44E500A6300E /* quaternion.hpp */,
				35EF77BF1A9D44E500A6300E /* quaternion.inl */,
				35EF77C01A9D44E500A6300E /* range.hpp */,
				35EF77C11A9D44E500A6300E /* raw_data.hpp */,
				35EF77C21A9D44E500A6300E /* raw_data.inl */,
				35EF77C31A9D44E500A6300E /* rotate_normalized_axis.hpp */,
				35EF77C41A9D44E500A6300E /* rotate_normalized_axis.inl */,
				35EF77C51A9D44E500A6300E /* rotate_vector.hpp */,
				35EF77C61A9D44E500A6300E /* rotate_vector.inl */,
				35EF77C71A9D44E500A6300E /* scalar_multiplication.hpp */,
				35EF77C81A9D44E500A6300E /* scalar_relational.hpp */,
				35EF77C91A9D44E500A6300E /* scalar_relational.inl */,
				35EF77CA1A9D44E500A6300E /* simd_mat4.hpp */,
				35EF77CB1A9D44E500A6300E /* simd_mat4.inl */,
				35EF77CC1A9D44E500A6300E /* simd_quat.hpp */,
				35EF77CD1A9D44E500A6300E /* simd_quat.inl */,
				35EF77CE1A9D44E500A6300E /* simd_vec4.hpp */,
				35EF77CF1A9D44E500A6300E /* simd_vec4.inl */,
				35EF77D01A9D44E500A6300E /* spline.hpp */,
				35EF77D11A9D44E500A6300E /* spline.inl */,
				35EF77D21A9D44E500A6300E /* std_based_type.hpp */,
				35EF77D31A9D44E500A6300E /* std_based_type.inl */,
				35EF77D41A9D44E500A6300E /* string_cast.hpp */,
				35EF77D51A9D44E500A6300E /* string_cast.inl */,
				35EF77D61A9D44E500A6300E /* transform.hpp */,
				35EF77D71A9D44E500A6300E /* transform.inl */,
				35EF77D81A9D44E500A6300E /* transform2.hpp */,
				35EF77D91A9D44E500A6300E /* transform2.inl */,
				35EF77DA1A9D44E500A6300E /* type_aligned.hpp */,
				35EF77DB1A9D44E500A6300E /* type_aligned.inl */,
				35EF77DC1A9D44E500A6300E /* vector_angle.hpp */,
				35EF77DD1A9D44E500A6300E /* vector_angle.inl */,
				35EF77DE1A9D44E500A6300E /* vector_query.hpp */,
				35EF77DF1A9D44E500A6300E /* vector_query.inl */,
				35EF77E01A9D44E500A6300E /* wrap.hpp */,
				35EF77E11A9D44E500A6300E /* wrap.inl */,
			);
			path = gtx;
			sourceTree = "<group>";
		};
		35EF77F51A9D460500A6300E /* Headers */ = {
			isa = PBXGroup;
			children = (
				35EF76D11A9D44B200A6300E /* Box.h */,
				35EF76D31A9D44B200A6300E /* Camera.h */,
				35EF76D51A9D44B200A6300E /* Entity.h */,
				35EF76D91A9D44B200A6300E /* MatrixStack.hpp */,
				35EF76DB1A9D44B200A6300E /* physicsHandler.h */,
				35EF76DD1A9D44B200A6300E /* Plane.h */,
				35EF76DE1A9D44B200A6300E /* resource.h */,
				35EF76E01A9D44B200A6300E /* Shader.h */,
				35EF76E21A9D44B200A6300E /* Sphere.h */,
				35EF76E41A9D44B200A6300E /* Utilities.h */,
			);
			name = Headers;
			sourceTree = "<group>";
		};
		35EF77F61A9D462700A6300E /* Sources */ = {
			isa = PBXGroup;
			children = (
				35EF76D71A9D44B200A6300E /* main.cpp */,
				35EF76D01A9D44B200A6300E /* Box.cpp */,
				35EF76D21A9D44B200A6300E /* Camera.cpp */,
				35EF76D41A9D44B200A6300E /* Entity.cpp */,
				35EF76D81A9D44B200A6300E /* MatrixStack.cpp */,
				35EF76DA1A9D44B200A6300E /* physicsHandler.cpp */,
				35EF76DC1A9D44B200A6300E /* Plane.cpp */,
				35EF76DF1A9D44B200A6300E /* Shader.cpp */,
				35EF76E11A9D44B200A6300E /* Sphere.cpp */,
				35EF76E31A9D44B200A6300E /* Utilities.cpp */,
			);
			name = Sources;
			sourceTree = "<group>";
		};
/* End PBXGroup section */

/* Begin PBXNativeTarget section */
		35EF76B71A9D375E00A6300E /* MoS */ = {
			isa = PBXNativeTarget;
			buildConfigurationList = 35EF76BF1A9D375E00A6300E /* Build configuration list for PBXNativeTarget "MoS" */;
			buildPhases = (
				35EF76B41A9D375E00A6300E /* Sources */,
				35EF76B51A9D375E00A6300E /* Frameworks */,
				35EF76B61A9D375E00A6300E /* CopyFiles */,
			);
			buildRules = (
			);
			dependencies = (
			);
			name = MoS;
			productName = MoS;
			productReference = 35EF76B81A9D375E00A6300E /* MoS */;
			productType = "com.apple.product-type.tool";
		};
/* End PBXNativeTarget section */

/* Begin PBXProject section */
		35EF76B01A9D375E00A6300E /* Project object */ = {
			isa = PBXProject;
			attributes = {
				LastUpgradeCheck = 0610;
				ORGANIZATIONNAME = AKRS3D;
				TargetAttributes = {
					35EF76B71A9D375E00A6300E = {
						CreatedOnToolsVersion = 6.1.1;
					};
				};
			};
			buildConfigurationList = 35EF76B31A9D375E00A6300E /* Build configuration list for PBXProject "MoS" */;
			compatibilityVersion = "Xcode 3.2";
			developmentRegion = English;
			hasScannedForEncodings = 0;
			knownRegions = (
				en,
			);
			mainGroup = 35EF76AF1A9D375E00A6300E;
			productRefGroup = 35EF76B91A9D375E00A6300E /* Products */;
			projectDirPath = "";
			projectRoot = "";
			targets = (
				35EF76B71A9D375E00A6300E /* MoS */,
			);
		};
/* End PBXProject section */

/* Begin PBXSourcesBuildPhase section */
		35EF76B41A9D375E00A6300E /* Sources */ = {
			isa = PBXSourcesBuildPhase;
			buildActionMask = 2147483647;
			files = (
				35EF76EB1A9D44B200A6300E /* physicsHandler.cpp in Sources */,
				35EF76EE1A9D44B200A6300E /* Sphere.cpp in Sources */,
				35EF76E71A9D44B200A6300E /* Camera.cpp in Sources */,
				35EF76ED1A9D44B200A6300E /* Shader.cpp in Sources */,
				35EF76EF1A9D44B200A6300E /* Utilities.cpp in Sources */,
				35EF76E81A9D44B200A6300E /* Entity.cpp in Sources */,
				35EF76E91A9D44B200A6300E /* main.cpp in Sources */,
				35EF76E61A9D44B200A6300E /* Box.cpp in Sources */,
				35EF76EC1A9D44B200A6300E /* Plane.cpp in Sources */,
				35EF76EA1A9D44B200A6300E /* MatrixStack.cpp in Sources */,
			);
			runOnlyForDeploymentPostprocessing = 0;
		};
/* End PBXSourcesBuildPhase section */

/* Begin XCBuildConfiguration section */
		35EF76BD1A9D375E00A6300E /* Debug */ = {
			isa = XCBuildConfiguration;
			buildSettings = {
				ALWAYS_SEARCH_USER_PATHS = NO;
				CLANG_CXX_LANGUAGE_STANDARD = "gnu++0x";
				CLANG_CXX_LIBRARY = "libc++";
				CLANG_ENABLE_MODULES = YES;
				CLANG_ENABLE_OBJC_ARC = YES;
				CLANG_WARN_BOOL_CONVERSION = YES;
				CLANG_WARN_CONSTANT_CONVERSION = YES;
				CLANG_WARN_DIRECT_OBJC_ISA_USAGE = YES_ERROR;
				CLANG_WARN_EMPTY_BODY = YES;
				CLANG_WARN_ENUM_CONVERSION = YES;
				CLANG_WARN_INT_CONVERSION = YES;
				CLANG_WARN_OBJC_ROOT_CLASS = YES_ERROR;
				CLANG_WARN_UNREACHABLE_CODE = YES;
				CLANG_WARN__DUPLICATE_METHOD_MATCH = YES;
				COPY_PHASE_STRIP = NO;
				ENABLE_STRICT_OBJC_MSGSEND = YES;
				GCC_C_LANGUAGE_STANDARD = gnu99;
				GCC_DYNAMIC_NO_PIC = NO;
				GCC_OPTIMIZATION_LEVEL = 0;
				GCC_PREPROCESSOR_DEFINITIONS = (
					"DEBUG=1",
					"$(inherited)",
				);
				GCC_SYMBOLS_PRIVATE_EXTERN = NO;
				GCC_WARN_64_TO_32_BIT_CONVERSION = YES;
				GCC_WARN_ABOUT_RETURN_TYPE = YES_ERROR;
				GCC_WARN_UNDECLARED_SELECTOR = YES;
				GCC_WARN_UNINITIALIZED_AUTOS = YES_AGGRESSIVE;
				GCC_WARN_UNUSED_FUNCTION = YES;
				GCC_WARN_UNUSED_VARIABLE = YES;
				MACOSX_DEPLOYMENT_TARGET = 10.10;
				MTL_ENABLE_DEBUG_INFO = YES;
				ONLY_ACTIVE_ARCH = YES;
				SDKROOT = macosx;
			};
			name = Debug;
		};
		35EF76BE1A9D375E00A6300E /* Release */ = {
			isa = XCBuildConfiguration;
			buildSettings = {
				ALWAYS_SEARCH_USER_PATHS = NO;
				CLANG_CXX_LANGUAGE_STANDARD = "gnu++0x";
				CLANG_CXX_LIBRARY = "libc++";
				CLANG_ENABLE_MODULES = YES;
				CLANG_ENABLE_OBJC_ARC = YES;
				CLANG_WARN_BOOL_CONVERSION = YES;
				CLANG_WARN_CONSTANT_CONVERSION = YES;
				CLANG_WARN_DIRECT_OBJC_ISA_USAGE = YES_ERROR;
				CLANG_WARN_EMPTY_BODY = YES;
				CLANG_WARN_ENUM_CONVERSION = YES;
				CLANG_WARN_INT_CONVERSION = YES;
				CLANG_WARN_OBJC_ROOT_CLASS = YES_ERROR;
				CLANG_WARN_UNREACHABLE_CODE = YES;
				CLANG_WARN__DUPLICATE_METHOD_MATCH = YES;
				COPY_PHASE_STRIP = YES;
				DEBUG_INFORMATION_FORMAT = "dwarf-with-dsym";
				ENABLE_NS_ASSERTIONS = NO;
				ENABLE_STRICT_OBJC_MSGSEND = YES;
				GCC_C_LANGUAGE_STANDARD = gnu99;
				GCC_WARN_64_TO_32_BIT_CONVERSION = YES;
				GCC_WARN_ABOUT_RETURN_TYPE = YES_ERROR;
				GCC_WARN_UNDECLARED_SELECTOR = YES;
				GCC_WARN_UNINITIALIZED_AUTOS = YES_AGGRESSIVE;
				GCC_WARN_UNUSED_FUNCTION = YES;
				GCC_WARN_UNUSED_VARIABLE = YES;
				MACOSX_DEPLOYMENT_TARGET = 10.10;
				MTL_ENABLE_DEBUG_INFO = NO;
				SDKROOT = macosx;
			};
			name = Release;
		};
		35EF76C01A9D375E00A6300E /* Debug */ = {
			isa = XCBuildConfiguration;
			buildSettings = {
				HEADER_SEARCH_PATHS = (
					"$(inherited)",
					/Applications/Xcode.app/Contents/Developer/Toolchains/XcodeDefault.xctoolchain/usr/include,
					/usr/local/include/,
					/Users/Jonte/Documents/AKRS3D/MoS/include/,
				);
				LIBRARY_SEARCH_PATHS = /usr/local/lib/;
				PRODUCT_NAME = "$(TARGET_NAME)";
			};
			name = Debug;
		};
		35EF76C11A9D375E00A6300E /* Release */ = {
			isa = XCBuildConfiguration;
			buildSettings = {
				HEADER_SEARCH_PATHS = (
					"$(inherited)",
					/Applications/Xcode.app/Contents/Developer/Toolchains/XcodeDefault.xctoolchain/usr/include,
					/usr/local/include/,
					/Users/Jonte/Documents/AKRS3D/MoS/include/,
				);
				LIBRARY_SEARCH_PATHS = /usr/local/lib/;
				PRODUCT_NAME = "$(TARGET_NAME)";
			};
			name = Release;
		};
/* End XCBuildConfiguration section */

/* Begin XCConfigurationList section */
		35EF76B31A9D375E00A6300E /* Build configuration list for PBXProject "MoS" */ = {
			isa = XCConfigurationList;
			buildConfigurations = (
				35EF76BD1A9D375E00A6300E /* Debug */,
				35EF76BE1A9D375E00A6300E /* Release */,
			);
			defaultConfigurationIsVisible = 0;
			defaultConfigurationName = Release;
		};
		35EF76BF1A9D375E00A6300E /* Build configuration list for PBXNativeTarget "MoS" */ = {
			isa = XCConfigurationList;
			buildConfigurations = (
				35EF76C01A9D375E00A6300E /* Debug */,
				35EF76C11A9D375E00A6300E /* Release */,
			);
			defaultConfigurationIsVisible = 0;
			defaultConfigurationName = Release;
		};
/* End XCConfigurationList section */
	};
	rootObject = 35EF76B01A9D375E00A6300E /* Project object */;
}
